
Microsoft Visual Studio Solution File, Format Version 12.00
# Visual Studio Version 16
VisualStudioVersion = 25.0.1706.11
MinimumVisualStudioVersion = 10.0.40219.1
Project("{FAE04EC0-301F-11D3-BF4B-00C04F79EFBC}") = "uia-automation-utils", "uia-automation-utils\uia-automation-utils.csproj", "{D8990772-8A1C-4958-A2B8-70BFD1CB1F77}"
EndProject
Global
	GlobalSection(SolutionConfigurationPlatforms) = preSolution
		Debug|Any CPU = Debug|Any CPU
		Release|Any CPU = Release|Any CPU
	EndGlobalSection
	GlobalSection(ProjectConfigurationPlatforms) = postSolution
		{D8990772-8A1C-4958-A2B8-70BFD1CB1F77}.Debug|Any CPU.ActiveCfg = Debug|Any CPU
		{D8990772-8A1C-4958-A2B8-70BFD1CB1F77}.Debug|Any CPU.Build.0 = Debug|Any CPU
		{D8990772-8A1C-4958-A2B8-70BFD1CB1F77}.Release|Any CPU.ActiveCfg = Release|Any CPU
		{D8990772-8A1C-4958-A2B8-70BFD1CB1F77}.Release|Any CPU.Build.0 = Release|Any CPU
	EndGlobalSection
	GlobalSection(SolutionProperties) = preSolution
		HideSolutionNode = FALSE
	EndGlobalSection
	GlobalSection(ExtensibilityGlobals) = postSolution
		SolutionGuid = {2D8B3D81-B48D-477A-BE37-DD7ED2F51A5C}
	EndGlobalSection
EndGlobal
