
Microsoft Visual Studio Solution File, Format Version 12.00
# Visual Studio Version 17
VisualStudioVersion = 17.5.002.0
MinimumVisualStudioVersion = 10.0.40219.1
Project("{9A19103F-16F7-4668-BE54-9A1E7A4F7556}") = "uia-automation-utils", "uia-automation-utils.csproj", "{D3256D40-3096-4417-BA0C-BAEE120DDDF7}"
EndProject
Global
	GlobalSection(SolutionConfigurationPlatforms) = preSolution
		Debug|Any CPU = Debug|Any CPU
		Release|Any CPU = Release|Any CPU
	EndGlobalSection
	GlobalSection(ProjectConfigurationPlatforms) = postSolution
		{D3256D40-3096-4417-BA0C-BAEE120DDDF7}.Debug|Any CPU.ActiveCfg = Debug|Any CPU
		{D3256D40-3096-4417-BA0C-BAEE120DDDF7}.Debug|Any CPU.Build.0 = Debug|Any CPU
		{D3256D40-3096-4417-BA0C-BAEE120DDDF7}.Release|Any CPU.ActiveCfg = Release|Any CPU
		{D3256D40-3096-4417-BA0C-BAEE120DDDF7}.Release|Any CPU.Build.0 = Release|Any CPU
	EndGlobalSection
	GlobalSection(SolutionProperties) = preSolution
		HideSolutionNode = FALSE
	EndGlobalSection
	GlobalSection(ExtensibilityGlobals) = postSolution
		SolutionGuid = {67B8EC53-B24E-4576-A82C-BBFAA5CC8AEB}
	EndGlobalSection
EndGlobal
